
Microsoft Visual Studio Solution File, Format Version 12.00
# Visual Studio 15
VisualStudioVersion = 15.0.27703.2042
MinimumVisualStudioVersion = 10.0.40219.1
Project("{FAE04EC0-301F-11D3-BF4B-00C04F79EFBC}") = "Solicitudes", "Solicitudes\Solicitudes.csproj", "{2D0E341A-B884-4959-8BFD-199690790AAF}"
EndProject
Global
	GlobalSection(SolutionConfigurationPlatforms) = preSolution
		Debug|Any CPU = Debug|Any CPU
		Release|Any CPU = Release|Any CPU
	EndGlobalSection
	GlobalSection(ProjectConfigurationPlatforms) = postSolution
		{2D0E341A-B884-4959-8BFD-199690790AAF}.Debug|Any CPU.ActiveCfg = Debug|Any CPU
		{2D0E341A-B884-4959-8BFD-199690790AAF}.Debug|Any CPU.Build.0 = Debug|Any CPU
		{2D0E341A-B884-4959-8BFD-199690790AAF}.Release|Any CPU.ActiveCfg = Release|Any CPU
		{2D0E341A-B884-4959-8BFD-199690790AAF}.Release|Any CPU.Build.0 = Release|Any CPU
	EndGlobalSection
	GlobalSection(SolutionProperties) = preSolution
		HideSolutionNode = FALSE
	EndGlobalSection
	GlobalSection(ExtensibilityGlobals) = postSolution
		SolutionGuid = {475C1F03-DD81-46EB-BF4E-DF6C6E038463}
	EndGlobalSection
EndGlobal
